// !$*UTF8*$!
{
	archiveVersion = 1;
	classes = {
	};
	objectVersion = 56;
	objects = {

/* Begin PBXBuildFile section */
		3C77ECFB2A6D246300A094EB /* AppDelegate.swift in Sources */ = {isa = PBXBuildFile; fileRef = 3C77ECFA2A6D246300A094EB /* AppDelegate.swift */; };
		3C77ECFD2A6D246300A094EB /* SceneDelegate.swift in Sources */ = {isa = PBXBuildFile; fileRef = 3C77ECFC2A6D246300A094EB /* SceneDelegate.swift */; };
		3C77ECFF2A6D246300A094EB /* ViewController.swift in Sources */ = {isa = PBXBuildFile; fileRef = 3C77ECFE2A6D246300A094EB /* ViewController.swift */; };
		3C77ED022A6D246300A094EB /* Main.storyboard in Resources */ = {isa = PBXBuildFile; fileRef = 3C77ED002A6D246300A094EB /* Main.storyboard */; };
		3C77ED042A6D246800A094EB /* Assets.xcassets in Resources */ = {isa = PBXBuildFile; fileRef = 3C77ED032A6D246800A094EB /* Assets.xcassets */; };
		3C77ED072A6D246800A094EB /* LaunchScreen.storyboard in Resources */ = {isa = PBXBuildFile; fileRef = 3C77ED052A6D246800A094EB /* LaunchScreen.storyboard */; };
		3C77ED122A6D246800A094EB /* FriendsTests.swift in Sources */ = {isa = PBXBuildFile; fileRef = 3C77ED112A6D246800A094EB /* FriendsTests.swift */; };
		3C77ED1C2A6D246800A094EB /* FriendsUITests.swift in Sources */ = {isa = PBXBuildFile; fileRef = 3C77ED1B2A6D246800A094EB /* FriendsUITests.swift */; };
		3C77ED1E2A6D246900A094EB /* FriendsUITestsLaunchTests.swift in Sources */ = {isa = PBXBuildFile; fileRef = 3C77ED1D2A6D246900A094EB /* FriendsUITestsLaunchTests.swift */; };
/* End PBXBuildFile section */

/* Begin PBXContainerItemProxy section */
		3C77ED0E2A6D246800A094EB /* PBXContainerItemProxy */ = {
			isa = PBXContainerItemProxy;
			containerPortal = 3C77ECEF2A6D246300A094EB /* Project object */;
			proxyType = 1;
			remoteGlobalIDString = 3C77ECF62A6D246300A094EB;
			remoteInfo = Friends;
		};
		3C77ED182A6D246800A094EB /* PBXContainerItemProxy */ = {
			isa = PBXContainerItemProxy;
			containerPortal = 3C77ECEF2A6D246300A094EB /* Project object */;
			proxyType = 1;
			remoteGlobalIDString = 3C77ECF62A6D246300A094EB;
			remoteInfo = Friends;
		};
/* End PBXContainerItemProxy section */

/* Begin PBXFileReference section */
		3C77ECF72A6D246300A094EB /* Friends.app */ = {isa = PBXFileReference; explicitFileType = wrapper.application; includeInIndex = 0; path = Friends.app; sourceTree = BUILT_PRODUCTS_DIR; };
		3C77ECFA2A6D246300A094EB /* AppDelegate.swift */ = {isa = PBXFileReference; lastKnownFileType = sourcecode.swift; path = AppDelegate.swift; sourceTree = "<group>"; };
		3C77ECFC2A6D246300A094EB /* SceneDelegate.swift */ = {isa = PBXFileReference; lastKnownFileType = sourcecode.swift; path = SceneDelegate.swift; sourceTree = "<group>"; };
		3C77ECFE2A6D246300A094EB /* ViewController.swift */ = {isa = PBXFileReference; lastKnownFileType = sourcecode.swift; path = ViewController.swift; sourceTree = "<group>"; };
		3C77ED012A6D246300A094EB /* Base */ = {isa = PBXFileReference; lastKnownFileType = file.storyboard; name = Base; path = Base.lproj/Main.storyboard; sourceTree = "<group>"; };
		3C77ED032A6D246800A094EB /* Assets.xcassets */ = {isa = PBXFileReference; lastKnownFileType = folder.assetcatalog; path = Assets.xcassets; sourceTree = "<group>"; };
		3C77ED062A6D246800A094EB /* Base */ = {isa = PBXFileReference; lastKnownFileType = file.storyboard; name = Base; path = Base.lproj/LaunchScreen.storyboard; sourceTree = "<group>"; };
		3C77ED082A6D246800A094EB /* Info.plist */ = {isa = PBXFileReference; lastKnownFileType = text.plist.xml; path = Info.plist; sourceTree = "<group>"; };
		3C77ED0D2A6D246800A094EB /* FriendsTests.xctest */ = {isa = PBXFileReference; explicitFileType = wrapper.cfbundle; includeInIndex = 0; path = FriendsTests.xctest; sourceTree = BUILT_PRODUCTS_DIR; };
		3C77ED112A6D246800A094EB /* FriendsTests.swift */ = {isa = PBXFileReference; lastKnownFileType = sourcecode.swift; path = FriendsTests.swift; sourceTree = "<group>"; };
		3C77ED172A6D246800A094EB /* FriendsUITests.xctest */ = {isa = PBXFileReference; explicitFileType = wrapper.cfbundle; includeInIndex = 0; path = FriendsUITests.xctest; sourceTree = BUILT_PRODUCTS_DIR; };
		3C77ED1B2A6D246800A094EB /* FriendsUITests.swift */ = {isa = PBXFileReference; lastKnownFileType = sourcecode.swift; path = FriendsUITests.swift; sourceTree = "<group>"; };
		3C77ED1D2A6D246900A094EB /* FriendsUITestsLaunchTests.swift */ = {isa = PBXFileReference; lastKnownFileType = sourcecode.swift; path = FriendsUITestsLaunchTests.swift; sourceTree = "<group>"; };
/* End PBXFileReference section */

/* Begin PBXFrameworksBuildPhase section */
		3C77ECF42A6D246300A094EB /* Frameworks */ = {
			isa = PBXFrameworksBuildPhase;
			buildActionMask = 2147483647;
			files = (
			);
			runOnlyForDeploymentPostprocessing = 0;
		};
		3C77ED0A2A6D246800A094EB /* Frameworks */ = {
			isa = PBXFrameworksBuildPhase;
			buildActionMask = 2147483647;
			files = (
			);
			runOnlyForDeploymentPostprocessing = 0;
		};
		3C77ED142A6D246800A094EB /* Frameworks */ = {
			isa = PBXFrameworksBuildPhase;
			buildActionMask = 2147483647;
			files = (
			);
			runOnlyForDeploymentPostprocessing = 0;
		};
/* End PBXFrameworksBuildPhase section */

/* Begin PBXGroup section */
		3C77ECEE2A6D246300A094EB = {
			isa = PBXGroup;
			children = (
				3C77ECF92A6D246300A094EB /* Friends */,
				3C77ED102A6D246800A094EB /* FriendsTests */,
				3C77ED1A2A6D246800A094EB /* FriendsUITests */,
				3C77ECF82A6D246300A094EB /* Products */,
			);
			sourceTree = "<group>";
		};
		3C77ECF82A6D246300A094EB /* Products */ = {
			isa = PBXGroup;
			children = (
				3C77ECF72A6D246300A094EB /* Friends.app */,
				3C77ED0D2A6D246800A094EB /* FriendsTests.xctest */,
				3C77ED172A6D246800A094EB /* FriendsUITests.xctest */,
			);
			name = Products;
			sourceTree = "<group>";
		};
		3C77ECF92A6D246300A094EB /* Friends */ = {
			isa = PBXGroup;
			children = (
				3C77ECFA2A6D246300A094EB /* AppDelegate.swift */,
				3C77ECFC2A6D246300A094EB /* SceneDelegate.swift */,
				3C77ECFE2A6D246300A094EB /* ViewController.swift */,
				3C77ED002A6D246300A094EB /* Main.storyboard */,
				3C77ED032A6D246800A094EB /* Assets.xcassets */,
				3C77ED052A6D246800A094EB /* LaunchScreen.storyboard */,
				3C77ED082A6D246800A094EB /* Info.plist */,
			);
			path = Friends;
			sourceTree = "<group>";
		};
		3C77ED102A6D246800A094EB /* FriendsTests */ = {
			isa = PBXGroup;
			children = (
				3C77ED112A6D246800A094EB /* FriendsTests.swift */,
			);
			path = FriendsTests;
			sourceTree = "<group>";
		};
		3C77ED1A2A6D246800A094EB /* FriendsUITests */ = {
			isa = PBXGroup;
			children = (
				3C77ED1B2A6D246800A094EB /* FriendsUITests.swift */,
				3C77ED1D2A6D246900A094EB /* FriendsUITestsLaunchTests.swift */,
			);
			path = FriendsUITests;
			sourceTree = "<group>";
		};
/* End PBXGroup section */

/* Begin PBXNativeTarget section */
		3C77ECF62A6D246300A094EB /* Friends */ = {
			isa = PBXNativeTarget;
			buildConfigurationList = 3C77ED212A6D246900A094EB /* Build configuration list for PBXNativeTarget "Friends" */;
			buildPhases = (
				3C77ECF32A6D246300A094EB /* Sources */,
				3C77ECF42A6D246300A094EB /* Frameworks */,
				3C77ECF52A6D246300A094EB /* Resources */,
			);
			buildRules = (
			);
			dependencies = (
			);
			name = Friends;
			productName = Friends;
			productReference = 3C77ECF72A6D246300A094EB /* Friends.app */;
			productType = "com.apple.product-type.application";
		};
		3C77ED0C2A6D246800A094EB /* FriendsTests */ = {
			isa = PBXNativeTarget;
			buildConfigurationList = 3C77ED242A6D246900A094EB /* Build configuration list for PBXNativeTarget "FriendsTests" */;
			buildPhases = (
				3C77ED092A6D246800A094EB /* Sources */,
				3C77ED0A2A6D246800A094EB /* Frameworks */,
				3C77ED0B2A6D246800A094EB /* Resources */,
			);
			buildRules = (
			);
			dependencies = (
				3C77ED0F2A6D246800A094EB /* PBXTargetDependency */,
			);
			name = FriendsTests;
			productName = FriendsTests;
			productReference = 3C77ED0D2A6D246800A094EB /* FriendsTests.xctest */;
			productType = "com.apple.product-type.bundle.unit-test";
		};
		3C77ED162A6D246800A094EB /* FriendsUITests */ = {
			isa = PBXNativeTarget;
			buildConfigurationList = 3C77ED272A6D246900A094EB /* Build configuration list for PBXNativeTarget "FriendsUITests" */;
			buildPhases = (
				3C77ED132A6D246800A094EB /* Sources */,
				3C77ED142A6D246800A094EB /* Frameworks */,
				3C77ED152A6D246800A094EB /* Resources */,
			);
			buildRules = (
			);
			dependencies = (
				3C77ED192A6D246800A094EB /* PBXTargetDependency */,
			);
			name = FriendsUITests;
			productName = FriendsUITests;
			productReference = 3C77ED172A6D246800A094EB /* FriendsUITests.xctest */;
			productType = "com.apple.product-type.bundle.ui-testing";
		};
/* End PBXNativeTarget section */

/* Begin PBXProject section */
		3C77ECEF2A6D246300A094EB /* Project object */ = {
			isa = PBXProject;
			attributes = {
				BuildIndependentTargetsInParallel = 1;
				LastSwiftUpdateCheck = 1430;
				LastUpgradeCheck = 1430;
				TargetAttributes = {
					3C77ECF62A6D246300A094EB = {
						CreatedOnToolsVersion = 14.3.1;
					};
					3C77ED0C2A6D246800A094EB = {
						CreatedOnToolsVersion = 14.3.1;
						TestTargetID = 3C77ECF62A6D246300A094EB;
					};
					3C77ED162A6D246800A094EB = {
						CreatedOnToolsVersion = 14.3.1;
						TestTargetID = 3C77ECF62A6D246300A094EB;
					};
				};
			};
			buildConfigurationList = 3C77ECF22A6D246300A094EB /* Build configuration list for PBXProject "Friends" */;
			compatibilityVersion = "Xcode 14.0";
			developmentRegion = en;
			hasScannedForEncodings = 0;
			knownRegions = (
				en,
				Base,
			);
			mainGroup = 3C77ECEE2A6D246300A094EB;
			productRefGroup = 3C77ECF82A6D246300A094EB /* Products */;
			projectDirPath = "";
			projectRoot = "";
			targets = (
				3C77ECF62A6D246300A094EB /* Friends */,
				3C77ED0C2A6D246800A094EB /* FriendsTests */,
				3C77ED162A6D246800A094EB /* FriendsUITests */,
			);
		};
/* End PBXProject section */

/* Begin PBXResourcesBuildPhase section */
		3C77ECF52A6D246300A094EB /* Resources */ = {
			isa = PBXResourcesBuildPhase;
			buildActionMask = 2147483647;
			files = (
				3C77ED072A6D246800A094EB /* LaunchScreen.storyboard in Resources */,
				3C77ED042A6D246800A094EB /* Assets.xcassets in Resources */,
				3C77ED022A6D246300A094EB /* Main.storyboard in Resources */,
			);
			runOnlyForDeploymentPostprocessing = 0;
		};
		3C77ED0B2A6D246800A094EB /* Resources */ = {
			isa = PBXResourcesBuildPhase;
			buildActionMask = 2147483647;
			files = (
			);
			runOnlyForDeploymentPostprocessing = 0;
		};
		3C77ED152A6D246800A094EB /* Resources */ = {
			isa = PBXResourcesBuildPhase;
			buildActionMask = 2147483647;
			files = (
			);
			runOnlyForDeploymentPostprocessing = 0;
		};
/* End PBXResourcesBuildPhase section */

/* Begin PBXSourcesBuildPhase section */
		3C77ECF32A6D246300A094EB /* Sources */ = {
			isa = PBXSourcesBuildPhase;
			buildActionMask = 2147483647;
			files = (
				3C77ECFF2A6D246300A094EB /* ViewController.swift in Sources */,
				3C77ECFB2A6D246300A094EB /* AppDelegate.swift in Sources */,
				3C77ECFD2A6D246300A094EB /* SceneDelegate.swift in Sources */,
			);
			runOnlyForDeploymentPostprocessing = 0;
		};
		3C77ED092A6D246800A094EB /* Sources */ = {
			isa = PBXSourcesBuildPhase;
			buildActionMask = 2147483647;
			files = (
				3C77ED122A6D246800A094EB /* FriendsTests.swift in Sources */,
			);
			runOnlyForDeploymentPostprocessing = 0;
		};
		3C77ED132A6D246800A094EB /* Sources */ = {
			isa = PBXSourcesBuildPhase;
			buildActionMask = 2147483647;
			files = (
				3C77ED1E2A6D246900A094EB /* FriendsUITestsLaunchTests.swift in Sources */,
				3C77ED1C2A6D246800A094EB /* FriendsUITests.swift in Sources */,
			);
			runOnlyForDeploymentPostprocessing = 0;
		};
/* End PBXSourcesBuildPhase section */

/* Begin PBXTargetDependency section */
		3C77ED0F2A6D246800A094EB /* PBXTargetDependency */ = {
			isa = PBXTargetDependency;
			target = 3C77ECF62A6D246300A094EB /* Friends */;
			targetProxy = 3C77ED0E2A6D246800A094EB /* PBXContainerItemProxy */;
		};
		3C77ED192A6D246800A094EB /* PBXTargetDependency */ = {
			isa = PBXTargetDependency;
			target = 3C77ECF62A6D246300A094EB /* Friends */;
			targetProxy = 3C77ED182A6D246800A094EB /* PBXContainerItemProxy */;
		};
/* End PBXTargetDependency section */

/* Begin PBXVariantGroup section */
		3C77ED002A6D246300A094EB /* Main.storyboard */ = {
			isa = PBXVariantGroup;
			children = (
				3C77ED012A6D246300A094EB /* Base */,
			);
			name = Main.storyboard;
			sourceTree = "<group>";
		};
		3C77ED052A6D246800A094EB /* LaunchScreen.storyboard */ = {
			isa = PBXVariantGroup;
			children = (
				3C77ED062A6D246800A094EB /* Base */,
			);
			name = LaunchScreen.storyboard;
			sourceTree = "<group>";
		};
/* End PBXVariantGroup section */

/* Begin XCBuildConfiguration section */
		3C77ED1F2A6D246900A094EB /* Debug */ = {
			isa = XCBuildConfiguration;
			buildSettings = {
				ALWAYS_SEARCH_USER_PATHS = NO;
				CLANG_ANALYZER_NONNULL = YES;
				CLANG_ANALYZER_NUMBER_OBJECT_CONVERSION = YES_AGGRESSIVE;
				CLANG_CXX_LANGUAGE_STANDARD = "gnu++20";
				CLANG_ENABLE_MODULES = YES;
				CLANG_ENABLE_OBJC_ARC = YES;
				CLANG_ENABLE_OBJC_WEAK = YES;
				CLANG_WARN_BLOCK_CAPTURE_AUTORELEASING = YES;
				CLANG_WARN_BOOL_CONVERSION = YES;
				CLANG_WARN_COMMA = YES;
				CLANG_WARN_CONSTANT_CONVERSION = YES;
				CLANG_WARN_DEPRECATED_OBJC_IMPLEMENTATIONS = YES;
				CLANG_WARN_DIRECT_OBJC_ISA_USAGE = YES_ERROR;
				CLANG_WARN_DOCUMENTATION_COMMENTS = YES;
				CLANG_WARN_EMPTY_BODY = YES;
				CLANG_WARN_ENUM_CONVERSION = YES;
				CLANG_WARN_INFINITE_RECURSION = YES;
				CLANG_WARN_INT_CONVERSION = YES;
				CLANG_WARN_NON_LITERAL_NULL_CONVERSION = YES;
				CLANG_WARN_OBJC_IMPLICIT_RETAIN_SELF = YES;
				CLANG_WARN_OBJC_LITERAL_CONVERSION = YES;
				CLANG_WARN_OBJC_ROOT_CLASS = YES_ERROR;
				CLANG_WARN_QUOTED_INCLUDE_IN_FRAMEWORK_HEADER = YES;
				CLANG_WARN_RANGE_LOOP_ANALYSIS = YES;
				CLANG_WARN_STRICT_PROTOTYPES = YES;
				CLANG_WARN_SUSPICIOUS_MOVE = YES;
				CLANG_WARN_UNGUARDED_AVAILABILITY = YES_AGGRESSIVE;
				CLANG_WARN_UNREACHABLE_CODE = YES;
				CLANG_WARN__DUPLICATE_METHOD_MATCH = YES;
				COPY_PHASE_STRIP = NO;
				DEBUG_INFORMATION_FORMAT = dwarf;
				ENABLE_STRICT_OBJC_MSGSEND = YES;
				ENABLE_TESTABILITY = YES;
				GCC_C_LANGUAGE_STANDARD = gnu11;
				GCC_DYNAMIC_NO_PIC = NO;
				GCC_NO_COMMON_BLOCKS = YES;
				GCC_OPTIMIZATION_LEVEL = 0;
				GCC_PREPROCESSOR_DEFINITIONS = (
					"DEBUG=1",
					"$(inherited)",
				);
				GCC_WARN_64_TO_32_BIT_CONVERSION = YES;
				GCC_WARN_ABOUT_RETURN_TYPE = YES_ERROR;
				GCC_WARN_UNDECLARED_SELECTOR = YES;
				GCC_WARN_UNINITIALIZED_AUTOS = YES_AGGRESSIVE;
				GCC_WARN_UNUSED_FUNCTION = YES;
				GCC_WARN_UNUSED_VARIABLE = YES;
				IPHONEOS_DEPLOYMENT_TARGET = 16.4;
				MTL_ENABLE_DEBUG_INFO = INCLUDE_SOURCE;
				MTL_FAST_MATH = YES;
				ONLY_ACTIVE_ARCH = YES;
				SDKROOT = iphoneos;
				SWIFT_ACTIVE_COMPILATION_CONDITIONS = DEBUG;
				SWIFT_OPTIMIZATION_LEVEL = "-Onone";
			};
			name = Debug;
		};
		3C77ED202A6D246900A094EB /* Release */ = {
			isa = XCBuildConfiguration;
			buildSettings = {
				ALWAYS_SEARCH_USER_PATHS = NO;
				CLANG_ANALYZER_NONNULL = YES;
				CLANG_ANALYZER_NUMBER_OBJECT_CONVERSION = YES_AGGRESSIVE;
				CLANG_CXX_LANGUAGE_STANDARD = "gnu++20";
				CLANG_ENABLE_MODULES = YES;
				CLANG_ENABLE_OBJC_ARC = YES;
				CLANG_ENABLE_OBJC_WEAK = YES;
				CLANG_WARN_BLOCK_CAPTURE_AUTORELEASING = YES;
				CLANG_WARN_BOOL_CONVERSION = YES;
				CLANG_WARN_COMMA = YES;
				CLANG_WARN_CONSTANT_CONVERSION = YES;
				CLANG_WARN_DEPRECATED_OBJC_IMPLEMENTATIONS = YES;
				CLANG_WARN_DIRECT_OBJC_ISA_USAGE = YES_ERROR;
				CLANG_WARN_DOCUMENTATION_COMMENTS = YES;
				CLANG_WARN_EMPTY_BODY = YES;
				CLANG_WARN_ENUM_CONVERSION = YES;
				CLANG_WARN_INFINITE_RECURSION = YES;
				CLANG_WARN_INT_CONVERSION = YES;
				CLANG_WARN_NON_LITERAL_NULL_CONVERSION = YES;
				CLANG_WARN_OBJC_IMPLICIT_RETAIN_SELF = YES;
				CLANG_WARN_OBJC_LITERAL_CONVERSION = YES;
				CLANG_WARN_OBJC_ROOT_CLASS = YES_ERROR;
				CLANG_WARN_QUOTED_INCLUDE_IN_FRAMEWORK_HEADER = YES;
				CLANG_WARN_RANGE_LOOP_ANALYSIS = YES;
				CLANG_WARN_STRICT_PROTOTYPES = YES;
				CLANG_WARN_SUSPICIOUS_MOVE = YES;
				CLANG_WARN_UNGUARDED_AVAILABILITY = YES_AGGRESSIVE;
				CLANG_WARN_UNREACHABLE_CODE = YES;
				CLANG_WARN__DUPLICATE_METHOD_MATCH = YES;
				COPY_PHASE_STRIP = NO;
				DEBUG_INFORMATION_FORMAT = "dwarf-with-dsym";
				ENABLE_NS_ASSERTIONS = NO;
				ENABLE_STRICT_OBJC_MSGSEND = YES;
				GCC_C_LANGUAGE_STANDARD = gnu11;
				GCC_NO_COMMON_BLOCKS = YES;
				GCC_WARN_64_TO_32_BIT_CONVERSION = YES;
				GCC_WARN_ABOUT_RETURN_TYPE = YES_ERROR;
				GCC_WARN_UNDECLARED_SELECTOR = YES;
				GCC_WARN_UNINITIALIZED_AUTOS = YES_AGGRESSIVE;
				GCC_WARN_UNUSED_FUNCTION = YES;
				GCC_WARN_UNUSED_VARIABLE = YES;
				IPHONEOS_DEPLOYMENT_TARGET = 16.4;
				MTL_ENABLE_DEBUG_INFO = NO;
				MTL_FAST_MATH = YES;
				SDKROOT = iphoneos;
				SWIFT_COMPILATION_MODE = wholemodule;
				SWIFT_OPTIMIZATION_LEVEL = "-O";
				VALIDATE_PRODUCT = YES;
			};
			name = Release;
		};
		3C77ED222A6D246900A094EB /* Debug */ = {
			isa = XCBuildConfiguration;
			buildSettings = {
				ASSETCATALOG_COMPILER_APPICON_NAME = AppIcon;
				ASSETCATALOG_COMPILER_GLOBAL_ACCENT_COLOR_NAME = AccentColor;
				CODE_SIGN_STYLE = Automatic;
				CURRENT_PROJECT_VERSION = 1;
				GENERATE_INFOPLIST_FILE = YES;
				INFOPLIST_FILE = Friends/Info.plist;
				INFOPLIST_KEY_UIApplicationSupportsIndirectInputEvents = YES;
				INFOPLIST_KEY_UILaunchStoryboardName = LaunchScreen;
				INFOPLIST_KEY_UIMainStoryboardFile = Main;
				INFOPLIST_KEY_UISupportedInterfaceOrientations_iPad = "UIInterfaceOrientationPortrait UIInterfaceOrientationPortraitUpsideDown UIInterfaceOrientationLandscapeLeft UIInterfaceOrientationLandscapeRight";
				INFOPLIST_KEY_UISupportedInterfaceOrientations_iPhone = "UIInterfaceOrientationPortrait UIInterfaceOrientationLandscapeLeft UIInterfaceOrientationLandscapeRight";
				LD_RUNPATH_SEARCH_PATHS = (
					"$(inherited)",
					"@executable_path/Frameworks",
				);
				MARKETING_VERSION = 1.0;
				PRODUCT_BUNDLE_IDENTIFIER = fjf.Friends;
				PRODUCT_NAME = "$(TARGET_NAME)";
				SWIFT_EMIT_LOC_STRINGS = YES;
				SWIFT_VERSION = 5.0;
				TARGETED_DEVICE_FAMILY = "1,2";
			};
			name = Debug;
		};
		3C77ED232A6D246900A094EB /* Release */ = {
			isa = XCBuildConfiguration;
			buildSettings = {
				ASSETCATALOG_COMPILER_APPICON_NAME = AppIcon;
				ASSETCATALOG_COMPILER_GLOBAL_ACCENT_COLOR_NAME = AccentColor;
				CODE_SIGN_STYLE = Automatic;
				CURRENT_PROJECT_VERSION = 1;
				GENERATE_INFOPLIST_FILE = YES;
				INFOPLIST_FILE = Friends/Info.plist;
				INFOPLIST_KEY_UIApplicationSupportsIndirectInputEvents = YES;
				INFOPLIST_KEY_UILaunchStoryboardName = LaunchScreen;
				INFOPLIST_KEY_UIMainStoryboardFile = Main;
				INFOPLIST_KEY_UISupportedInterfaceOrientations_iPad = "UIInterfaceOrientationPortrait UIInterfaceOrientationPortraitUpsideDown UIInterfaceOrientationLandscapeLeft UIInterfaceOrientationLandscapeRight";
				INFOPLIST_KEY_UISupportedInterfaceOrientations_iPhone = "UIInterfaceOrientationPortrait UIInterfaceOrientationLandscapeLeft UIInterfaceOrientationLandscapeRight";
				LD_RUNPATH_SEARCH_PATHS = (
					"$(inherited)",
					"@executable_path/Frameworks",
				);
				MARKETING_VERSION = 1.0;
				PRODUCT_BUNDLE_IDENTIFIER = fjf.Friends;
				PRODUCT_NAME = "$(TARGET_NAME)";
				SWIFT_EMIT_LOC_STRINGS = YES;
				SWIFT_VERSION = 5.0;
				TARGETED_DEVICE_FAMILY = "1,2";
			};
			name = Release;
		};
		3C77ED252A6D246900A094EB /* Debug */ = {
			isa = XCBuildConfiguration;
			buildSettings = {
				ALWAYS_EMBED_SWIFT_STANDARD_LIBRARIES = YES;
				BUNDLE_LOADER = "$(TEST_HOST)";
				CODE_SIGN_STYLE = Automatic;
				CURRENT_PROJECT_VERSION = 1;
				GENERATE_INFOPLIST_FILE = YES;
				IPHONEOS_DEPLOYMENT_TARGET = 16.4;
				MARKETING_VERSION = 1.0;
				PRODUCT_BUNDLE_IDENTIFIER = fjf.FriendsTests;
				PRODUCT_NAME = "$(TARGET_NAME)";
				SWIFT_EMIT_LOC_STRINGS = NO;
				SWIFT_VERSION = 5.0;
				TARGETED_DEVICE_FAMILY = "1,2";
				TEST_HOST = "$(BUILT_PRODUCTS_DIR)/Friends.app/$(BUNDLE_EXECUTABLE_FOLDER_PATH)/Friends";
			};
			name = Debug;
		};
		3C77ED262A6D246900A094EB /* Release */ = {
			isa = XCBuildConfiguration;
			buildSettings = {
				ALWAYS_EMBED_SWIFT_STANDARD_LIBRARIES = YES;
				BUNDLE_LOADER = "$(TEST_HOST)";
				CODE_SIGN_STYLE = Automatic;
				CURRENT_PROJECT_VERSION = 1;
				GENERATE_INFOPLIST_FILE = YES;
				IPHONEOS_DEPLOYMENT_TARGET = 16.4;
				MARKETING_VERSION = 1.0;
				PRODUCT_BUNDLE_IDENTIFIER = fjf.FriendsTests;
				PRODUCT_NAME = "$(TARGET_NAME)";
				SWIFT_EMIT_LOC_STRINGS = NO;
				SWIFT_VERSION = 5.0;
				TARGETED_DEVICE_FAMILY = "1,2";
				TEST_HOST = "$(BUILT_PRODUCTS_DIR)/Friends.app/$(BUNDLE_EXECUTABLE_FOLDER_PATH)/Friends";
			};
			name = Release;
		};
		3C77ED282A6D246900A094EB /* Debug */ = {
			isa = XCBuildConfiguration;
			buildSettings = {
				ALWAYS_EMBED_SWIFT_STANDARD_LIBRARIES = YES;
				CODE_SIGN_STYLE = Automatic;
				CURRENT_PROJECT_VERSION = 1;
				GENERATE_INFOPLIST_FILE = YES;
				MARKETING_VERSION = 1.0;
				PRODUCT_BUNDLE_IDENTIFIER = fjf.FriendsUITests;
				PRODUCT_NAME = "$(TARGET_NAME)";
				SWIFT_EMIT_LOC_STRINGS = NO;
				SWIFT_VERSION = 5.0;
				TARGETED_DEVICE_FAMILY = "1,2";
				TEST_TARGET_NAME = Friends;
			};
			name = Debug;
		};
		3C77ED292A6D246900A094EB /* Release */ = {
			isa = XCBuildConfiguration;
			buildSettings = {
				ALWAYS_EMBED_SWIFT_STANDARD_LIBRARIES = YES;
				CODE_SIGN_STYLE = Automatic;
				CURRENT_PROJECT_VERSION = 1;
				GENERATE_INFOPLIST_FILE = YES;
				MARKETING_VERSION = 1.0;
				PRODUCT_BUNDLE_IDENTIFIER = fjf.FriendsUITests;
				PRODUCT_NAME = "$(TARGET_NAME)";
				SWIFT_EMIT_LOC_STRINGS = NO;
				SWIFT_VERSION = 5.0;
				TARGETED_DEVICE_FAMILY = "1,2";
				TEST_TARGET_NAME = Friends;
			};
			name = Release;
		};
/* End XCBuildConfiguration section */

/* Begin XCConfigurationList section */
		3C77ECF22A6D246300A094EB /* Build configuration list for PBXProject "Friends" */ = {
			isa = XCConfigurationList;
			buildConfigurations = (
				3C77ED1F2A6D246900A094EB /* Debug */,
				3C77ED202A6D246900A094EB /* Release */,
			);
			defaultConfigurationIsVisible = 0;
			defaultConfigurationName = Release;
		};
		3C77ED212A6D246900A094EB /* Build configuration list for PBXNativeTarget "Friends" */ = {
			isa = XCConfigurationList;
			buildConfigurations = (
				3C77ED222A6D246900A094EB /* Debug */,
				3C77ED232A6D246900A094EB /* Release */,
			);
			defaultConfigurationIsVisible = 0;
			defaultConfigurationName = Release;
		};
		3C77ED242A6D246900A094EB /* Build configuration list for PBXNativeTarget "FriendsTests" */ = {
			isa = XCConfigurationList;
			buildConfigurations = (
				3C77ED252A6D246900A094EB /* Debug */,
				3C77ED262A6D246900A094EB /* Release */,
			);
			defaultConfigurationIsVisible = 0;
			defaultConfigurationName = Release;
		};
		3C77ED272A6D246900A094EB /* Build configuration list for PBXNativeTarget "FriendsUITests" */ = {
			isa = XCConfigurationList;
			buildConfigurations = (
				3C77ED282A6D246900A094EB /* Debug */,
				3C77ED292A6D246900A094EB /* Release */,
			);
			defaultConfigurationIsVisible = 0;
			defaultConfigurationName = Release;
		};
/* End XCConfigurationList section */
	};
	rootObject = 3C77ECEF2A6D246300A094EB /* Project object */;
}
