// !$*UTF8*$!
{
	archiveVersion = 1;
	classes = {
	};
	objectVersion = 56;
	objects = {

/* Begin PBXBuildFile section */
		3C88B33C2A705AAB00633944 /* AppDelegate.swift in Sources */ = {isa = PBXBuildFile; fileRef = 3C88B33B2A705AAB00633944 /* AppDelegate.swift */; };
		3C88B33E2A705AAB00633944 /* SceneDelegate.swift in Sources */ = {isa = PBXBuildFile; fileRef = 3C88B33D2A705AAB00633944 /* SceneDelegate.swift */; };
		3C88B3402A705AAB00633944 /* ViewController.swift in Sources */ = {isa = PBXBuildFile; fileRef = 3C88B33F2A705AAB00633944 /* ViewController.swift */; };
		3C88B3432A705AAB00633944 /* Main.storyboard in Resources */ = {isa = PBXBuildFile; fileRef = 3C88B3412A705AAB00633944 /* Main.storyboard */; };
		3C88B3452A705AB300633944 /* Assets.xcassets in Resources */ = {isa = PBXBuildFile; fileRef = 3C88B3442A705AB300633944 /* Assets.xcassets */; };
		3C88B3482A705AB300633944 /* LaunchScreen.storyboard in Resources */ = {isa = PBXBuildFile; fileRef = 3C88B3462A705AB300633944 /* LaunchScreen.storyboard */; };
		3C88B3532A705AB300633944 /* Tabel_ViewTests.swift in Sources */ = {isa = PBXBuildFile; fileRef = 3C88B3522A705AB300633944 /* Tabel_ViewTests.swift */; };
		3C88B35D2A705AB300633944 /* Tabel_ViewUITests.swift in Sources */ = {isa = PBXBuildFile; fileRef = 3C88B35C2A705AB300633944 /* Tabel_ViewUITests.swift */; };
		3C88B35F2A705AB300633944 /* Tabel_ViewUITestsLaunchTests.swift in Sources */ = {isa = PBXBuildFile; fileRef = 3C88B35E2A705AB300633944 /* Tabel_ViewUITestsLaunchTests.swift */; };
		3C88B36C2A705DEC00633944 /* User.swift in Sources */ = {isa = PBXBuildFile; fileRef = 3C88B36B2A705DEC00633944 /* User.swift */; };
		3C88B36E2A706C3F00633944 /* addUserVC.swift in Sources */ = {isa = PBXBuildFile; fileRef = 3C88B36D2A706C3F00633944 /* addUserVC.swift */; };
/* End PBXBuildFile section */

/* Begin PBXContainerItemProxy section */
		3C88B34F2A705AB300633944 /* PBXContainerItemProxy */ = {
			isa = PBXContainerItemProxy;
			containerPortal = 3C88B3302A705AAB00633944 /* Project object */;
			proxyType = 1;
			remoteGlobalIDString = 3C88B3372A705AAB00633944;
			remoteInfo = "Tabel View";
		};
		3C88B3592A705AB300633944 /* PBXContainerItemProxy */ = {
			isa = PBXContainerItemProxy;
			containerPortal = 3C88B3302A705AAB00633944 /* Project object */;
			proxyType = 1;
			remoteGlobalIDString = 3C88B3372A705AAB00633944;
			remoteInfo = "Tabel View";
		};
/* End PBXContainerItemProxy section */

/* Begin PBXFileReference section */
		3C88B3382A705AAB00633944 /* Tabel View.app */ = {isa = PBXFileReference; explicitFileType = wrapper.application; includeInIndex = 0; path = "Tabel View.app"; sourceTree = BUILT_PRODUCTS_DIR; };
		3C88B33B2A705AAB00633944 /* AppDelegate.swift */ = {isa = PBXFileReference; lastKnownFileType = sourcecode.swift; path = AppDelegate.swift; sourceTree = "<group>"; };
		3C88B33D2A705AAB00633944 /* SceneDelegate.swift */ = {isa = PBXFileReference; lastKnownFileType = sourcecode.swift; path = SceneDelegate.swift; sourceTree = "<group>"; };
		3C88B33F2A705AAB00633944 /* ViewController.swift */ = {isa = PBXFileReference; lastKnownFileType = sourcecode.swift; path = ViewController.swift; sourceTree = "<group>"; };
		3C88B3422A705AAB00633944 /* Base */ = {isa = PBXFileReference; lastKnownFileType = file.storyboard; name = Base; path = Base.lproj/Main.storyboard; sourceTree = "<group>"; };
		3C88B3442A705AB300633944 /* Assets.xcassets */ = {isa = PBXFileReference; lastKnownFileType = folder.assetcatalog; path = Assets.xcassets; sourceTree = "<group>"; };
		3C88B3472A705AB300633944 /* Base */ = {isa = PBXFileReference; lastKnownFileType = file.storyboard; name = Base; path = Base.lproj/LaunchScreen.storyboard; sourceTree = "<group>"; };
		3C88B3492A705AB300633944 /* Info.plist */ = {isa = PBXFileReference; lastKnownFileType = text.plist.xml; path = Info.plist; sourceTree = "<group>"; };
		3C88B34E2A705AB300633944 /* Tabel ViewTests.xctest */ = {isa = PBXFileReference; explicitFileType = wrapper.cfbundle; includeInIndex = 0; path = "Tabel ViewTests.xctest"; sourceTree = BUILT_PRODUCTS_DIR; };
		3C88B3522A705AB300633944 /* Tabel_ViewTests.swift */ = {isa = PBXFileReference; lastKnownFileType = sourcecode.swift; path = Tabel_ViewTests.swift; sourceTree = "<group>"; };
		3C88B3582A705AB300633944 /* Tabel ViewUITests.xctest */ = {isa = PBXFileReference; explicitFileType = wrapper.cfbundle; includeInIndex = 0; path = "Tabel ViewUITests.xctest"; sourceTree = BUILT_PRODUCTS_DIR; };
		3C88B35C2A705AB300633944 /* Tabel_ViewUITests.swift */ = {isa = PBXFileReference; lastKnownFileType = sourcecode.swift; path = Tabel_ViewUITests.swift; sourceTree = "<group>"; };
		3C88B35E2A705AB300633944 /* Tabel_ViewUITestsLaunchTests.swift */ = {isa = PBXFileReference; lastKnownFileType = sourcecode.swift; path = Tabel_ViewUITestsLaunchTests.swift; sourceTree = "<group>"; };
		3C88B36B2A705DEC00633944 /* User.swift */ = {isa = PBXFileReference; lastKnownFileType = sourcecode.swift; path = User.swift; sourceTree = "<group>"; };
		3C88B36D2A706C3F00633944 /* addUserVC.swift */ = {isa = PBXFileReference; lastKnownFileType = sourcecode.swift; path = addUserVC.swift; sourceTree = "<group>"; };
/* End PBXFileReference section */

/* Begin PBXFrameworksBuildPhase section */
		3C88B3352A705AAB00633944 /* Frameworks */ = {
			isa = PBXFrameworksBuildPhase;
			buildActionMask = 2147483647;
			files = (
			);
			runOnlyForDeploymentPostprocessing = 0;
		};
		3C88B34B2A705AB300633944 /* Frameworks */ = {
			isa = PBXFrameworksBuildPhase;
			buildActionMask = 2147483647;
			files = (
			);
			runOnlyForDeploymentPostprocessing = 0;
		};
		3C88B3552A705AB300633944 /* Frameworks */ = {
			isa = PBXFrameworksBuildPhase;
			buildActionMask = 2147483647;
			files = (
			);
			runOnlyForDeploymentPostprocessing = 0;
		};
/* End PBXFrameworksBuildPhase section */

/* Begin PBXGroup section */
		3C88B32F2A705AAB00633944 = {
			isa = PBXGroup;
			children = (
				3C88B33A2A705AAB00633944 /* Tabel View */,
				3C88B3512A705AB300633944 /* Tabel ViewTests */,
				3C88B35B2A705AB300633944 /* Tabel ViewUITests */,
				3C88B3392A705AAB00633944 /* Products */,
			);
			sourceTree = "<group>";
		};
		3C88B3392A705AAB00633944 /* Products */ = {
			isa = PBXGroup;
			children = (
				3C88B3382A705AAB00633944 /* Tabel View.app */,
				3C88B34E2A705AB300633944 /* Tabel ViewTests.xctest */,
				3C88B3582A705AB300633944 /* Tabel ViewUITests.xctest */,
			);
			name = Products;
			sourceTree = "<group>";
		};
		3C88B33A2A705AAB00633944 /* Tabel View */ = {
			isa = PBXGroup;
			children = (
				3C88B33B2A705AAB00633944 /* AppDelegate.swift */,
				3C88B33D2A705AAB00633944 /* SceneDelegate.swift */,
				3C88B33F2A705AAB00633944 /* ViewController.swift */,
				3C88B3412A705AAB00633944 /* Main.storyboard */,
				3C88B3442A705AB300633944 /* Assets.xcassets */,
				3C88B3462A705AB300633944 /* LaunchScreen.storyboard */,
				3C88B3492A705AB300633944 /* Info.plist */,
				3C88B36B2A705DEC00633944 /* User.swift */,
				3C88B36D2A706C3F00633944 /* addUserVC.swift */,
			);
			path = "Tabel View";
			sourceTree = "<group>";
		};
		3C88B3512A705AB300633944 /* Tabel ViewTests */ = {
			isa = PBXGroup;
			children = (
				3C88B3522A705AB300633944 /* Tabel_ViewTests.swift */,
			);
			path = "Tabel ViewTests";
			sourceTree = "<group>";
		};
		3C88B35B2A705AB300633944 /* Tabel ViewUITests */ = {
			isa = PBXGroup;
			children = (
				3C88B35C2A705AB300633944 /* Tabel_ViewUITests.swift */,
				3C88B35E2A705AB300633944 /* Tabel_ViewUITestsLaunchTests.swift */,
			);
			path = "Tabel ViewUITests";
			sourceTree = "<group>";
		};
/* End PBXGroup section */

/* Begin PBXNativeTarget section */
		3C88B3372A705AAB00633944 /* Tabel View */ = {
			isa = PBXNativeTarget;
			buildConfigurationList = 3C88B3622A705AB300633944 /* Build configuration list for PBXNativeTarget "Tabel View" */;
			buildPhases = (
				3C88B3342A705AAB00633944 /* Sources */,
				3C88B3352A705AAB00633944 /* Frameworks */,
				3C88B3362A705AAB00633944 /* Resources */,
			);
			buildRules = (
			);
			dependencies = (
			);
			name = "Tabel View";
			productName = "Tabel View";
			productReference = 3C88B3382A705AAB00633944 /* Tabel View.app */;
			productType = "com.apple.product-type.application";
		};
		3C88B34D2A705AB300633944 /* Tabel ViewTests */ = {
			isa = PBXNativeTarget;
			buildConfigurationList = 3C88B3652A705AB300633944 /* Build configuration list for PBXNativeTarget "Tabel ViewTests" */;
			buildPhases = (
				3C88B34A2A705AB300633944 /* Sources */,
				3C88B34B2A705AB300633944 /* Frameworks */,
				3C88B34C2A705AB300633944 /* Resources */,
			);
			buildRules = (
			);
			dependencies = (
				3C88B3502A705AB300633944 /* PBXTargetDependency */,
			);
			name = "Tabel ViewTests";
			productName = "Tabel ViewTests";
			productReference = 3C88B34E2A705AB300633944 /* Tabel ViewTests.xctest */;
			productType = "com.apple.product-type.bundle.unit-test";
		};
		3C88B3572A705AB300633944 /* Tabel ViewUITests */ = {
			isa = PBXNativeTarget;
			buildConfigurationList = 3C88B3682A705AB300633944 /* Build configuration list for PBXNativeTarget "Tabel ViewUITests" */;
			buildPhases = (
				3C88B3542A705AB300633944 /* Sources */,
				3C88B3552A705AB300633944 /* Frameworks */,
				3C88B3562A705AB300633944 /* Resources */,
			);
			buildRules = (
			);
			dependencies = (
				3C88B35A2A705AB300633944 /* PBXTargetDependency */,
			);
			name = "Tabel ViewUITests";
			productName = "Tabel ViewUITests";
			productReference = 3C88B3582A705AB300633944 /* Tabel ViewUITests.xctest */;
			productType = "com.apple.product-type.bundle.ui-testing";
		};
/* End PBXNativeTarget section */

/* Begin PBXProject section */
		3C88B3302A705AAB00633944 /* Project object */ = {
			isa = PBXProject;
			attributes = {
				BuildIndependentTargetsInParallel = 1;
				LastSwiftUpdateCheck = 1430;
				LastUpgradeCheck = 1430;
				TargetAttributes = {
					3C88B3372A705AAB00633944 = {
						CreatedOnToolsVersion = 14.3.1;
					};
					3C88B34D2A705AB300633944 = {
						CreatedOnToolsVersion = 14.3.1;
						TestTargetID = 3C88B3372A705AAB00633944;
					};
					3C88B3572A705AB300633944 = {
						CreatedOnToolsVersion = 14.3.1;
						TestTargetID = 3C88B3372A705AAB00633944;
					};
				};
			};
			buildConfigurationList = 3C88B3332A705AAB00633944 /* Build configuration list for PBXProject "Tabel View" */;
			compatibilityVersion = "Xcode 14.0";
			developmentRegion = en;
			hasScannedForEncodings = 0;
			knownRegions = (
				en,
				Base,
			);
			mainGroup = 3C88B32F2A705AAB00633944;
			productRefGroup = 3C88B3392A705AAB00633944 /* Products */;
			projectDirPath = "";
			projectRoot = "";
			targets = (
				3C88B3372A705AAB00633944 /* Tabel View */,
				3C88B34D2A705AB300633944 /* Tabel ViewTests */,
				3C88B3572A705AB300633944 /* Tabel ViewUITests */,
			);
		};
/* End PBXProject section */

/* Begin PBXResourcesBuildPhase section */
		3C88B3362A705AAB00633944 /* Resources */ = {
			isa = PBXResourcesBuildPhase;
			buildActionMask = 2147483647;
			files = (
				3C88B3482A705AB300633944 /* LaunchScreen.storyboard in Resources */,
				3C88B3452A705AB300633944 /* Assets.xcassets in Resources */,
				3C88B3432A705AAB00633944 /* Main.storyboard in Resources */,
			);
			runOnlyForDeploymentPostprocessing = 0;
		};
		3C88B34C2A705AB300633944 /* Resources */ = {
			isa = PBXResourcesBuildPhase;
			buildActionMask = 2147483647;
			files = (
			);
			runOnlyForDeploymentPostprocessing = 0;
		};
		3C88B3562A705AB300633944 /* Resources */ = {
			isa = PBXResourcesBuildPhase;
			buildActionMask = 2147483647;
			files = (
			);
			runOnlyForDeploymentPostprocessing = 0;
		};
/* End PBXResourcesBuildPhase section */

/* Begin PBXSourcesBuildPhase section */
		3C88B3342A705AAB00633944 /* Sources */ = {
			isa = PBXSourcesBuildPhase;
			buildActionMask = 2147483647;
			files = (
				3C88B36C2A705DEC00633944 /* User.swift in Sources */,
				3C88B3402A705AAB00633944 /* ViewController.swift in Sources */,
				3C88B33C2A705AAB00633944 /* AppDelegate.swift in Sources */,
				3C88B36E2A706C3F00633944 /* addUserVC.swift in Sources */,
				3C88B33E2A705AAB00633944 /* SceneDelegate.swift in Sources */,
			);
			runOnlyForDeploymentPostprocessing = 0;
		};
		3C88B34A2A705AB300633944 /* Sources */ = {
			isa = PBXSourcesBuildPhase;
			buildActionMask = 2147483647;
			files = (
				3C88B3532A705AB300633944 /* Tabel_ViewTests.swift in Sources */,
			);
			runOnlyForDeploymentPostprocessing = 0;
		};
		3C88B3542A705AB300633944 /* Sources */ = {
			isa = PBXSourcesBuildPhase;
			buildActionMask = 2147483647;
			files = (
				3C88B35F2A705AB300633944 /* Tabel_ViewUITestsLaunchTests.swift in Sources */,
				3C88B35D2A705AB300633944 /* Tabel_ViewUITests.swift in Sources */,
			);
			runOnlyForDeploymentPostprocessing = 0;
		};
/* End PBXSourcesBuildPhase section */

/* Begin PBXTargetDependency section */
		3C88B3502A705AB300633944 /* PBXTargetDependency */ = {
			isa = PBXTargetDependency;
			target = 3C88B3372A705AAB00633944 /* Tabel View */;
			targetProxy = 3C88B34F2A705AB300633944 /* PBXContainerItemProxy */;
		};
		3C88B35A2A705AB300633944 /* PBXTargetDependency */ = {
			isa = PBXTargetDependency;
			target = 3C88B3372A705AAB00633944 /* Tabel View */;
			targetProxy = 3C88B3592A705AB300633944 /* PBXContainerItemProxy */;
		};
/* End PBXTargetDependency section */

/* Begin PBXVariantGroup section */
		3C88B3412A705AAB00633944 /* Main.storyboard */ = {
			isa = PBXVariantGroup;
			children = (
				3C88B3422A705AAB00633944 /* Base */,
			);
			name = Main.storyboard;
			sourceTree = "<group>";
		};
		3C88B3462A705AB300633944 /* LaunchScreen.storyboard */ = {
			isa = PBXVariantGroup;
			children = (
				3C88B3472A705AB300633944 /* Base */,
			);
			name = LaunchScreen.storyboard;
			sourceTree = "<group>";
		};
/* End PBXVariantGroup section */

/* Begin XCBuildConfiguration section */
		3C88B3602A705AB300633944 /* Debug */ = {
			isa = XCBuildConfiguration;
			buildSettings = {
				ALWAYS_SEARCH_USER_PATHS = NO;
				CLANG_ANALYZER_NONNULL = YES;
				CLANG_ANALYZER_NUMBER_OBJECT_CONVERSION = YES_AGGRESSIVE;
				CLANG_CXX_LANGUAGE_STANDARD = "gnu++20";
				CLANG_ENABLE_MODULES = YES;
				CLANG_ENABLE_OBJC_ARC = YES;
				CLANG_ENABLE_OBJC_WEAK = YES;
				CLANG_WARN_BLOCK_CAPTURE_AUTORELEASING = YES;
				CLANG_WARN_BOOL_CONVERSION = YES;
				CLANG_WARN_COMMA = YES;
				CLANG_WARN_CONSTANT_CONVERSION = YES;
				CLANG_WARN_DEPRECATED_OBJC_IMPLEMENTATIONS = YES;
				CLANG_WARN_DIRECT_OBJC_ISA_USAGE = YES_ERROR;
				CLANG_WARN_DOCUMENTATION_COMMENTS = YES;
				CLANG_WARN_EMPTY_BODY = YES;
				CLANG_WARN_ENUM_CONVERSION = YES;
				CLANG_WARN_INFINITE_RECURSION = YES;
				CLANG_WARN_INT_CONVERSION = YES;
				CLANG_WARN_NON_LITERAL_NULL_CONVERSION = YES;
				CLANG_WARN_OBJC_IMPLICIT_RETAIN_SELF = YES;
				CLANG_WARN_OBJC_LITERAL_CONVERSION = YES;
				CLANG_WARN_OBJC_ROOT_CLASS = YES_ERROR;
				CLANG_WARN_QUOTED_INCLUDE_IN_FRAMEWORK_HEADER = YES;
				CLANG_WARN_RANGE_LOOP_ANALYSIS = YES;
				CLANG_WARN_STRICT_PROTOTYPES = YES;
				CLANG_WARN_SUSPICIOUS_MOVE = YES;
				CLANG_WARN_UNGUARDED_AVAILABILITY = YES_AGGRESSIVE;
				CLANG_WARN_UNREACHABLE_CODE = YES;
				CLANG_WARN__DUPLICATE_METHOD_MATCH = YES;
				COPY_PHASE_STRIP = NO;
				DEBUG_INFORMATION_FORMAT = dwarf;
				ENABLE_STRICT_OBJC_MSGSEND = YES;
				ENABLE_TESTABILITY = YES;
				GCC_C_LANGUAGE_STANDARD = gnu11;
				GCC_DYNAMIC_NO_PIC = NO;
				GCC_NO_COMMON_BLOCKS = YES;
				GCC_OPTIMIZATION_LEVEL = 0;
				GCC_PREPROCESSOR_DEFINITIONS = (
					"DEBUG=1",
					"$(inherited)",
				);
				GCC_WARN_64_TO_32_BIT_CONVERSION = YES;
				GCC_WARN_ABOUT_RETURN_TYPE = YES_ERROR;
				GCC_WARN_UNDECLARED_SELECTOR = YES;
				GCC_WARN_UNINITIALIZED_AUTOS = YES_AGGRESSIVE;
				GCC_WARN_UNUSED_FUNCTION = YES;
				GCC_WARN_UNUSED_VARIABLE = YES;
				IPHONEOS_DEPLOYMENT_TARGET = 16.4;
				MTL_ENABLE_DEBUG_INFO = INCLUDE_SOURCE;
				MTL_FAST_MATH = YES;
				ONLY_ACTIVE_ARCH = YES;
				SDKROOT = iphoneos;
				SWIFT_ACTIVE_COMPILATION_CONDITIONS = DEBUG;
				SWIFT_OPTIMIZATION_LEVEL = "-Onone";
			};
			name = Debug;
		};
		3C88B3612A705AB300633944 /* Release */ = {
			isa = XCBuildConfiguration;
			buildSettings = {
				ALWAYS_SEARCH_USER_PATHS = NO;
				CLANG_ANALYZER_NONNULL = YES;
				CLANG_ANALYZER_NUMBER_OBJECT_CONVERSION = YES_AGGRESSIVE;
				CLANG_CXX_LANGUAGE_STANDARD = "gnu++20";
				CLANG_ENABLE_MODULES = YES;
				CLANG_ENABLE_OBJC_ARC = YES;
				CLANG_ENABLE_OBJC_WEAK = YES;
				CLANG_WARN_BLOCK_CAPTURE_AUTORELEASING = YES;
				CLANG_WARN_BOOL_CONVERSION = YES;
				CLANG_WARN_COMMA = YES;
				CLANG_WARN_CONSTANT_CONVERSION = YES;
				CLANG_WARN_DEPRECATED_OBJC_IMPLEMENTATIONS = YES;
				CLANG_WARN_DIRECT_OBJC_ISA_USAGE = YES_ERROR;
				CLANG_WARN_DOCUMENTATION_COMMENTS = YES;
				CLANG_WARN_EMPTY_BODY = YES;
				CLANG_WARN_ENUM_CONVERSION = YES;
				CLANG_WARN_INFINITE_RECURSION = YES;
				CLANG_WARN_INT_CONVERSION = YES;
				CLANG_WARN_NON_LITERAL_NULL_CONVERSION = YES;
				CLANG_WARN_OBJC_IMPLICIT_RETAIN_SELF = YES;
				CLANG_WARN_OBJC_LITERAL_CONVERSION = YES;
				CLANG_WARN_OBJC_ROOT_CLASS = YES_ERROR;
				CLANG_WARN_QUOTED_INCLUDE_IN_FRAMEWORK_HEADER = YES;
				CLANG_WARN_RANGE_LOOP_ANALYSIS = YES;
				CLANG_WARN_STRICT_PROTOTYPES = YES;
				CLANG_WARN_SUSPICIOUS_MOVE = YES;
				CLANG_WARN_UNGUARDED_AVAILABILITY = YES_AGGRESSIVE;
				CLANG_WARN_UNREACHABLE_CODE = YES;
				CLANG_WARN__DUPLICATE_METHOD_MATCH = YES;
				COPY_PHASE_STRIP = NO;
				DEBUG_INFORMATION_FORMAT = "dwarf-with-dsym";
				ENABLE_NS_ASSERTIONS = NO;
				ENABLE_STRICT_OBJC_MSGSEND = YES;
				GCC_C_LANGUAGE_STANDARD = gnu11;
				GCC_NO_COMMON_BLOCKS = YES;
				GCC_WARN_64_TO_32_BIT_CONVERSION = YES;
				GCC_WARN_ABOUT_RETURN_TYPE = YES_ERROR;
				GCC_WARN_UNDECLARED_SELECTOR = YES;
				GCC_WARN_UNINITIALIZED_AUTOS = YES_AGGRESSIVE;
				GCC_WARN_UNUSED_FUNCTION = YES;
				GCC_WARN_UNUSED_VARIABLE = YES;
				IPHONEOS_DEPLOYMENT_TARGET = 16.4;
				MTL_ENABLE_DEBUG_INFO = NO;
				MTL_FAST_MATH = YES;
				SDKROOT = iphoneos;
				SWIFT_COMPILATION_MODE = wholemodule;
				SWIFT_OPTIMIZATION_LEVEL = "-O";
				VALIDATE_PRODUCT = YES;
			};
			name = Release;
		};
		3C88B3632A705AB300633944 /* Debug */ = {
			isa = XCBuildConfiguration;
			buildSettings = {
				ASSETCATALOG_COMPILER_APPICON_NAME = AppIcon;
				ASSETCATALOG_COMPILER_GLOBAL_ACCENT_COLOR_NAME = AccentColor;
				CODE_SIGN_STYLE = Automatic;
				CURRENT_PROJECT_VERSION = 1;
				GENERATE_INFOPLIST_FILE = YES;
				INFOPLIST_FILE = "Tabel View/Info.plist";
				INFOPLIST_KEY_UIApplicationSupportsIndirectInputEvents = YES;
				INFOPLIST_KEY_UILaunchStoryboardName = LaunchScreen;
				INFOPLIST_KEY_UIMainStoryboardFile = Main;
				INFOPLIST_KEY_UISupportedInterfaceOrientations_iPad = "UIInterfaceOrientationPortrait UIInterfaceOrientationPortraitUpsideDown UIInterfaceOrientationLandscapeLeft UIInterfaceOrientationLandscapeRight";
				INFOPLIST_KEY_UISupportedInterfaceOrientations_iPhone = "UIInterfaceOrientationPortrait UIInterfaceOrientationLandscapeLeft UIInterfaceOrientationLandscapeRight";
				LD_RUNPATH_SEARCH_PATHS = (
					"$(inherited)",
					"@executable_path/Frameworks",
				);
				MARKETING_VERSION = 1.0;
				PRODUCT_BUNDLE_IDENTIFIER = "fjf.Tabel-View";
				PRODUCT_NAME = "$(TARGET_NAME)";
				SWIFT_EMIT_LOC_STRINGS = YES;
				SWIFT_VERSION = 5.0;
				TARGETED_DEVICE_FAMILY = "1,2";
			};
			name = Debug;
		};
		3C88B3642A705AB300633944 /* Release */ = {
			isa = XCBuildConfiguration;
			buildSettings = {
				ASSETCATALOG_COMPILER_APPICON_NAME = AppIcon;
				ASSETCATALOG_COMPILER_GLOBAL_ACCENT_COLOR_NAME = AccentColor;
				CODE_SIGN_STYLE = Automatic;
				CURRENT_PROJECT_VERSION = 1;
				GENERATE_INFOPLIST_FILE = YES;
				INFOPLIST_FILE = "Tabel View/Info.plist";
				INFOPLIST_KEY_UIApplicationSupportsIndirectInputEvents = YES;
				INFOPLIST_KEY_UILaunchStoryboardName = LaunchScreen;
				INFOPLIST_KEY_UIMainStoryboardFile = Main;
				INFOPLIST_KEY_UISupportedInterfaceOrientations_iPad = "UIInterfaceOrientationPortrait UIInterfaceOrientationPortraitUpsideDown UIInterfaceOrientationLandscapeLeft UIInterfaceOrientationLandscapeRight";
				INFOPLIST_KEY_UISupportedInterfaceOrientations_iPhone = "UIInterfaceOrientationPortrait UIInterfaceOrientationLandscapeLeft UIInterfaceOrientationLandscapeRight";
				LD_RUNPATH_SEARCH_PATHS = (
					"$(inherited)",
					"@executable_path/Frameworks",
				);
				MARKETING_VERSION = 1.0;
				PRODUCT_BUNDLE_IDENTIFIER = "fjf.Tabel-View";
				PRODUCT_NAME = "$(TARGET_NAME)";
				SWIFT_EMIT_LOC_STRINGS = YES;
				SWIFT_VERSION = 5.0;
				TARGETED_DEVICE_FAMILY = "1,2";
			};
			name = Release;
		};
		3C88B3662A705AB300633944 /* Debug */ = {
			isa = XCBuildConfiguration;
			buildSettings = {
				ALWAYS_EMBED_SWIFT_STANDARD_LIBRARIES = YES;
				BUNDLE_LOADER = "$(TEST_HOST)";
				CODE_SIGN_STYLE = Automatic;
				CURRENT_PROJECT_VERSION = 1;
				GENERATE_INFOPLIST_FILE = YES;
				IPHONEOS_DEPLOYMENT_TARGET = 16.4;
				MARKETING_VERSION = 1.0;
				PRODUCT_BUNDLE_IDENTIFIER = "fjf.Tabel-ViewTests";
				PRODUCT_NAME = "$(TARGET_NAME)";
				SWIFT_EMIT_LOC_STRINGS = NO;
				SWIFT_VERSION = 5.0;
				TARGETED_DEVICE_FAMILY = "1,2";
				TEST_HOST = "$(BUILT_PRODUCTS_DIR)/Tabel View.app/$(BUNDLE_EXECUTABLE_FOLDER_PATH)/Tabel View";
			};
			name = Debug;
		};
		3C88B3672A705AB300633944 /* Release */ = {
			isa = XCBuildConfiguration;
			buildSettings = {
				ALWAYS_EMBED_SWIFT_STANDARD_LIBRARIES = YES;
				BUNDLE_LOADER = "$(TEST_HOST)";
				CODE_SIGN_STYLE = Automatic;
				CURRENT_PROJECT_VERSION = 1;
				GENERATE_INFOPLIST_FILE = YES;
				IPHONEOS_DEPLOYMENT_TARGET = 16.4;
				MARKETING_VERSION = 1.0;
				PRODUCT_BUNDLE_IDENTIFIER = "fjf.Tabel-ViewTests";
				PRODUCT_NAME = "$(TARGET_NAME)";
				SWIFT_EMIT_LOC_STRINGS = NO;
				SWIFT_VERSION = 5.0;
				TARGETED_DEVICE_FAMILY = "1,2";
				TEST_HOST = "$(BUILT_PRODUCTS_DIR)/Tabel View.app/$(BUNDLE_EXECUTABLE_FOLDER_PATH)/Tabel View";
			};
			name = Release;
		};
		3C88B3692A705AB300633944 /* Debug */ = {
			isa = XCBuildConfiguration;
			buildSettings = {
				ALWAYS_EMBED_SWIFT_STANDARD_LIBRARIES = YES;
				CODE_SIGN_STYLE = Automatic;
				CURRENT_PROJECT_VERSION = 1;
				GENERATE_INFOPLIST_FILE = YES;
				MARKETING_VERSION = 1.0;
				PRODUCT_BUNDLE_IDENTIFIER = "fjf.Tabel-ViewUITests";
				PRODUCT_NAME = "$(TARGET_NAME)";
				SWIFT_EMIT_LOC_STRINGS = NO;
				SWIFT_VERSION = 5.0;
				TARGETED_DEVICE_FAMILY = "1,2";
				TEST_TARGET_NAME = "Tabel View";
			};
			name = Debug;
		};
		3C88B36A2A705AB300633944 /* Release */ = {
			isa = XCBuildConfiguration;
			buildSettings = {
				ALWAYS_EMBED_SWIFT_STANDARD_LIBRARIES = YES;
				CODE_SIGN_STYLE = Automatic;
				CURRENT_PROJECT_VERSION = 1;
				GENERATE_INFOPLIST_FILE = YES;
				MARKETING_VERSION = 1.0;
				PRODUCT_BUNDLE_IDENTIFIER = "fjf.Tabel-ViewUITests";
				PRODUCT_NAME = "$(TARGET_NAME)";
				SWIFT_EMIT_LOC_STRINGS = NO;
				SWIFT_VERSION = 5.0;
				TARGETED_DEVICE_FAMILY = "1,2";
				TEST_TARGET_NAME = "Tabel View";
			};
			name = Release;
		};
/* End XCBuildConfiguration section */

/* Begin XCConfigurationList section */
		3C88B3332A705AAB00633944 /* Build configuration list for PBXProject "Tabel View" */ = {
			isa = XCConfigurationList;
			buildConfigurations = (
				3C88B3602A705AB300633944 /* Debug */,
				3C88B3612A705AB300633944 /* Release */,
			);
			defaultConfigurationIsVisible = 0;
			defaultConfigurationName = Release;
		};
		3C88B3622A705AB300633944 /* Build configuration list for PBXNativeTarget "Tabel View" */ = {
			isa = XCConfigurationList;
			buildConfigurations = (
				3C88B3632A705AB300633944 /* Debug */,
				3C88B3642A705AB300633944 /* Release */,
			);
			defaultConfigurationIsVisible = 0;
			defaultConfigurationName = Release;
		};
		3C88B3652A705AB300633944 /* Build configuration list for PBXNativeTarget "Tabel ViewTests" */ = {
			isa = XCConfigurationList;
			buildConfigurations = (
				3C88B3662A705AB300633944 /* Debug */,
				3C88B3672A705AB300633944 /* Release */,
			);
			defaultConfigurationIsVisible = 0;
			defaultConfigurationName = Release;
		};
		3C88B3682A705AB300633944 /* Build configuration list for PBXNativeTarget "Tabel ViewUITests" */ = {
			isa = XCConfigurationList;
			buildConfigurations = (
				3C88B3692A705AB300633944 /* Debug */,
				3C88B36A2A705AB300633944 /* Release */,
			);
			defaultConfigurationIsVisible = 0;
			defaultConfigurationName = Release;
		};
/* End XCConfigurationList section */
	};
	rootObject = 3C88B3302A705AAB00633944 /* Project object */;
}
