// !$*UTF8*$!
{
	archiveVersion = 1;
	classes = {
	};
	objectVersion = 56;
	objects = {

/* Begin PBXBuildFile section */
		3C280E032A71CC25006C3EF2 /* AppDelegate.swift in Sources */ = {isa = PBXBuildFile; fileRef = 3C280E022A71CC25006C3EF2 /* AppDelegate.swift */; };
		3C280E052A71CC25006C3EF2 /* SceneDelegate.swift in Sources */ = {isa = PBXBuildFile; fileRef = 3C280E042A71CC25006C3EF2 /* SceneDelegate.swift */; };
		3C280E072A71CC25006C3EF2 /* ViewController.swift in Sources */ = {isa = PBXBuildFile; fileRef = 3C280E062A71CC25006C3EF2 /* ViewController.swift */; };
		3C280E0A2A71CC25006C3EF2 /* Main.storyboard in Resources */ = {isa = PBXBuildFile; fileRef = 3C280E082A71CC25006C3EF2 /* Main.storyboard */; };
		3C280E0C2A71CC27006C3EF2 /* Assets.xcassets in Resources */ = {isa = PBXBuildFile; fileRef = 3C280E0B2A71CC27006C3EF2 /* Assets.xcassets */; };
		3C280E0F2A71CC27006C3EF2 /* LaunchScreen.storyboard in Resources */ = {isa = PBXBuildFile; fileRef = 3C280E0D2A71CC27006C3EF2 /* LaunchScreen.storyboard */; };
		3C280E1A2A71CC28006C3EF2 /* login_pageTests.swift in Sources */ = {isa = PBXBuildFile; fileRef = 3C280E192A71CC28006C3EF2 /* login_pageTests.swift */; };
		3C280E242A71CC28006C3EF2 /* login_pageUITests.swift in Sources */ = {isa = PBXBuildFile; fileRef = 3C280E232A71CC28006C3EF2 /* login_pageUITests.swift */; };
		3C280E262A71CC28006C3EF2 /* login_pageUITestsLaunchTests.swift in Sources */ = {isa = PBXBuildFile; fileRef = 3C280E252A71CC28006C3EF2 /* login_pageUITestsLaunchTests.swift */; };
/* End PBXBuildFile section */

/* Begin PBXContainerItemProxy section */
		3C280E162A71CC28006C3EF2 /* PBXContainerItemProxy */ = {
			isa = PBXContainerItemProxy;
			containerPortal = 3C280DF72A71CC25006C3EF2 /* Project object */;
			proxyType = 1;
			remoteGlobalIDString = 3C280DFE2A71CC25006C3EF2;
			remoteInfo = "login page";
		};
		3C280E202A71CC28006C3EF2 /* PBXContainerItemProxy */ = {
			isa = PBXContainerItemProxy;
			containerPortal = 3C280DF72A71CC25006C3EF2 /* Project object */;
			proxyType = 1;
			remoteGlobalIDString = 3C280DFE2A71CC25006C3EF2;
			remoteInfo = "login page";
		};
/* End PBXContainerItemProxy section */

/* Begin PBXFileReference section */
		3C280DFF2A71CC25006C3EF2 /* login page.app */ = {isa = PBXFileReference; explicitFileType = wrapper.application; includeInIndex = 0; path = "login page.app"; sourceTree = BUILT_PRODUCTS_DIR; };
		3C280E022A71CC25006C3EF2 /* AppDelegate.swift */ = {isa = PBXFileReference; lastKnownFileType = sourcecode.swift; path = AppDelegate.swift; sourceTree = "<group>"; };
		3C280E042A71CC25006C3EF2 /* SceneDelegate.swift */ = {isa = PBXFileReference; lastKnownFileType = sourcecode.swift; path = SceneDelegate.swift; sourceTree = "<group>"; };
		3C280E062A71CC25006C3EF2 /* ViewController.swift */ = {isa = PBXFileReference; lastKnownFileType = sourcecode.swift; path = ViewController.swift; sourceTree = "<group>"; };
		3C280E092A71CC25006C3EF2 /* Base */ = {isa = PBXFileReference; lastKnownFileType = file.storyboard; name = Base; path = Base.lproj/Main.storyboard; sourceTree = "<group>"; };
		3C280E0B2A71CC27006C3EF2 /* Assets.xcassets */ = {isa = PBXFileReference; lastKnownFileType = folder.assetcatalog; path = Assets.xcassets; sourceTree = "<group>"; };
		3C280E0E2A71CC27006C3EF2 /* Base */ = {isa = PBXFileReference; lastKnownFileType = file.storyboard; name = Base; path = Base.lproj/LaunchScreen.storyboard; sourceTree = "<group>"; };
		3C280E102A71CC27006C3EF2 /* Info.plist */ = {isa = PBXFileReference; lastKnownFileType = text.plist.xml; path = Info.plist; sourceTree = "<group>"; };
		3C280E152A71CC28006C3EF2 /* login pageTests.xctest */ = {isa = PBXFileReference; explicitFileType = wrapper.cfbundle; includeInIndex = 0; path = "login pageTests.xctest"; sourceTree = BUILT_PRODUCTS_DIR; };
		3C280E192A71CC28006C3EF2 /* login_pageTests.swift */ = {isa = PBXFileReference; lastKnownFileType = sourcecode.swift; path = login_pageTests.swift; sourceTree = "<group>"; };
		3C280E1F2A71CC28006C3EF2 /* login pageUITests.xctest */ = {isa = PBXFileReference; explicitFileType = wrapper.cfbundle; includeInIndex = 0; path = "login pageUITests.xctest"; sourceTree = BUILT_PRODUCTS_DIR; };
		3C280E232A71CC28006C3EF2 /* login_pageUITests.swift */ = {isa = PBXFileReference; lastKnownFileType = sourcecode.swift; path = login_pageUITests.swift; sourceTree = "<group>"; };
		3C280E252A71CC28006C3EF2 /* login_pageUITestsLaunchTests.swift */ = {isa = PBXFileReference; lastKnownFileType = sourcecode.swift; path = login_pageUITestsLaunchTests.swift; sourceTree = "<group>"; };
/* End PBXFileReference section */

/* Begin PBXFrameworksBuildPhase section */
		3C280DFC2A71CC25006C3EF2 /* Frameworks */ = {
			isa = PBXFrameworksBuildPhase;
			buildActionMask = 2147483647;
			files = (
			);
			runOnlyForDeploymentPostprocessing = 0;
		};
		3C280E122A71CC28006C3EF2 /* Frameworks */ = {
			isa = PBXFrameworksBuildPhase;
			buildActionMask = 2147483647;
			files = (
			);
			runOnlyForDeploymentPostprocessing = 0;
		};
		3C280E1C2A71CC28006C3EF2 /* Frameworks */ = {
			isa = PBXFrameworksBuildPhase;
			buildActionMask = 2147483647;
			files = (
			);
			runOnlyForDeploymentPostprocessing = 0;
		};
/* End PBXFrameworksBuildPhase section */

/* Begin PBXGroup section */
		3C280DF62A71CC25006C3EF2 = {
			isa = PBXGroup;
			children = (
				3C280E012A71CC25006C3EF2 /* login page */,
				3C280E182A71CC28006C3EF2 /* login pageTests */,
				3C280E222A71CC28006C3EF2 /* login pageUITests */,
				3C280E002A71CC25006C3EF2 /* Products */,
			);
			sourceTree = "<group>";
		};
		3C280E002A71CC25006C3EF2 /* Products */ = {
			isa = PBXGroup;
			children = (
				3C280DFF2A71CC25006C3EF2 /* login page.app */,
				3C280E152A71CC28006C3EF2 /* login pageTests.xctest */,
				3C280E1F2A71CC28006C3EF2 /* login pageUITests.xctest */,
			);
			name = Products;
			sourceTree = "<group>";
		};
		3C280E012A71CC25006C3EF2 /* login page */ = {
			isa = PBXGroup;
			children = (
				3C280E022A71CC25006C3EF2 /* AppDelegate.swift */,
				3C280E042A71CC25006C3EF2 /* SceneDelegate.swift */,
				3C280E062A71CC25006C3EF2 /* ViewController.swift */,
				3C280E082A71CC25006C3EF2 /* Main.storyboard */,
				3C280E0B2A71CC27006C3EF2 /* Assets.xcassets */,
				3C280E0D2A71CC27006C3EF2 /* LaunchScreen.storyboard */,
				3C280E102A71CC27006C3EF2 /* Info.plist */,
			);
			path = "login page";
			sourceTree = "<group>";
		};
		3C280E182A71CC28006C3EF2 /* login pageTests */ = {
			isa = PBXGroup;
			children = (
				3C280E192A71CC28006C3EF2 /* login_pageTests.swift */,
			);
			path = "login pageTests";
			sourceTree = "<group>";
		};
		3C280E222A71CC28006C3EF2 /* login pageUITests */ = {
			isa = PBXGroup;
			children = (
				3C280E232A71CC28006C3EF2 /* login_pageUITests.swift */,
				3C280E252A71CC28006C3EF2 /* login_pageUITestsLaunchTests.swift */,
			);
			path = "login pageUITests";
			sourceTree = "<group>";
		};
/* End PBXGroup section */

/* Begin PBXNativeTarget section */
		3C280DFE2A71CC25006C3EF2 /* login page */ = {
			isa = PBXNativeTarget;
			buildConfigurationList = 3C280E292A71CC28006C3EF2 /* Build configuration list for PBXNativeTarget "login page" */;
			buildPhases = (
				3C280DFB2A71CC25006C3EF2 /* Sources */,
				3C280DFC2A71CC25006C3EF2 /* Frameworks */,
				3C280DFD2A71CC25006C3EF2 /* Resources */,
			);
			buildRules = (
			);
			dependencies = (
			);
			name = "login page";
			productName = "login page";
			productReference = 3C280DFF2A71CC25006C3EF2 /* login page.app */;
			productType = "com.apple.product-type.application";
		};
		3C280E142A71CC28006C3EF2 /* login pageTests */ = {
			isa = PBXNativeTarget;
			buildConfigurationList = 3C280E2C2A71CC28006C3EF2 /* Build configuration list for PBXNativeTarget "login pageTests" */;
			buildPhases = (
				3C280E112A71CC28006C3EF2 /* Sources */,
				3C280E122A71CC28006C3EF2 /* Frameworks */,
				3C280E132A71CC28006C3EF2 /* Resources */,
			);
			buildRules = (
			);
			dependencies = (
				3C280E172A71CC28006C3EF2 /* PBXTargetDependency */,
			);
			name = "login pageTests";
			productName = "login pageTests";
			productReference = 3C280E152A71CC28006C3EF2 /* login pageTests.xctest */;
			productType = "com.apple.product-type.bundle.unit-test";
		};
		3C280E1E2A71CC28006C3EF2 /* login pageUITests */ = {
			isa = PBXNativeTarget;
			buildConfigurationList = 3C280E2F2A71CC28006C3EF2 /* Build configuration list for PBXNativeTarget "login pageUITests" */;
			buildPhases = (
				3C280E1B2A71CC28006C3EF2 /* Sources */,
				3C280E1C2A71CC28006C3EF2 /* Frameworks */,
				3C280E1D2A71CC28006C3EF2 /* Resources */,
			);
			buildRules = (
			);
			dependencies = (
				3C280E212A71CC28006C3EF2 /* PBXTargetDependency */,
			);
			name = "login pageUITests";
			productName = "login pageUITests";
			productReference = 3C280E1F2A71CC28006C3EF2 /* login pageUITests.xctest */;
			productType = "com.apple.product-type.bundle.ui-testing";
		};
/* End PBXNativeTarget section */

/* Begin PBXProject section */
		3C280DF72A71CC25006C3EF2 /* Project object */ = {
			isa = PBXProject;
			attributes = {
				BuildIndependentTargetsInParallel = 1;
				LastSwiftUpdateCheck = 1430;
				LastUpgradeCheck = 1430;
				TargetAttributes = {
					3C280DFE2A71CC25006C3EF2 = {
						CreatedOnToolsVersion = 14.3.1;
					};
					3C280E142A71CC28006C3EF2 = {
						CreatedOnToolsVersion = 14.3.1;
						TestTargetID = 3C280DFE2A71CC25006C3EF2;
					};
					3C280E1E2A71CC28006C3EF2 = {
						CreatedOnToolsVersion = 14.3.1;
						TestTargetID = 3C280DFE2A71CC25006C3EF2;
					};
				};
			};
			buildConfigurationList = 3C280DFA2A71CC25006C3EF2 /* Build configuration list for PBXProject "login page" */;
			compatibilityVersion = "Xcode 14.0";
			developmentRegion = en;
			hasScannedForEncodings = 0;
			knownRegions = (
				en,
				Base,
			);
			mainGroup = 3C280DF62A71CC25006C3EF2;
			productRefGroup = 3C280E002A71CC25006C3EF2 /* Products */;
			projectDirPath = "";
			projectRoot = "";
			targets = (
				3C280DFE2A71CC25006C3EF2 /* login page */,
				3C280E142A71CC28006C3EF2 /* login pageTests */,
				3C280E1E2A71CC28006C3EF2 /* login pageUITests */,
			);
		};
/* End PBXProject section */

/* Begin PBXResourcesBuildPhase section */
		3C280DFD2A71CC25006C3EF2 /* Resources */ = {
			isa = PBXResourcesBuildPhase;
			buildActionMask = 2147483647;
			files = (
				3C280E0F2A71CC27006C3EF2 /* LaunchScreen.storyboard in Resources */,
				3C280E0C2A71CC27006C3EF2 /* Assets.xcassets in Resources */,
				3C280E0A2A71CC25006C3EF2 /* Main.storyboard in Resources */,
			);
			runOnlyForDeploymentPostprocessing = 0;
		};
		3C280E132A71CC28006C3EF2 /* Resources */ = {
			isa = PBXResourcesBuildPhase;
			buildActionMask = 2147483647;
			files = (
			);
			runOnlyForDeploymentPostprocessing = 0;
		};
		3C280E1D2A71CC28006C3EF2 /* Resources */ = {
			isa = PBXResourcesBuildPhase;
			buildActionMask = 2147483647;
			files = (
			);
			runOnlyForDeploymentPostprocessing = 0;
		};
/* End PBXResourcesBuildPhase section */

/* Begin PBXSourcesBuildPhase section */
		3C280DFB2A71CC25006C3EF2 /* Sources */ = {
			isa = PBXSourcesBuildPhase;
			buildActionMask = 2147483647;
			files = (
				3C280E072A71CC25006C3EF2 /* ViewController.swift in Sources */,
				3C280E032A71CC25006C3EF2 /* AppDelegate.swift in Sources */,
				3C280E052A71CC25006C3EF2 /* SceneDelegate.swift in Sources */,
			);
			runOnlyForDeploymentPostprocessing = 0;
		};
		3C280E112A71CC28006C3EF2 /* Sources */ = {
			isa = PBXSourcesBuildPhase;
			buildActionMask = 2147483647;
			files = (
				3C280E1A2A71CC28006C3EF2 /* login_pageTests.swift in Sources */,
			);
			runOnlyForDeploymentPostprocessing = 0;
		};
		3C280E1B2A71CC28006C3EF2 /* Sources */ = {
			isa = PBXSourcesBuildPhase;
			buildActionMask = 2147483647;
			files = (
				3C280E242A71CC28006C3EF2 /* login_pageUITests.swift in Sources */,
				3C280E262A71CC28006C3EF2 /* login_pageUITestsLaunchTests.swift in Sources */,
			);
			runOnlyForDeploymentPostprocessing = 0;
		};
/* End PBXSourcesBuildPhase section */

/* Begin PBXTargetDependency section */
		3C280E172A71CC28006C3EF2 /* PBXTargetDependency */ = {
			isa = PBXTargetDependency;
			target = 3C280DFE2A71CC25006C3EF2 /* login page */;
			targetProxy = 3C280E162A71CC28006C3EF2 /* PBXContainerItemProxy */;
		};
		3C280E212A71CC28006C3EF2 /* PBXTargetDependency */ = {
			isa = PBXTargetDependency;
			target = 3C280DFE2A71CC25006C3EF2 /* login page */;
			targetProxy = 3C280E202A71CC28006C3EF2 /* PBXContainerItemProxy */;
		};
/* End PBXTargetDependency section */

/* Begin PBXVariantGroup section */
		3C280E082A71CC25006C3EF2 /* Main.storyboard */ = {
			isa = PBXVariantGroup;
			children = (
				3C280E092A71CC25006C3EF2 /* Base */,
			);
			name = Main.storyboard;
			sourceTree = "<group>";
		};
		3C280E0D2A71CC27006C3EF2 /* LaunchScreen.storyboard */ = {
			isa = PBXVariantGroup;
			children = (
				3C280E0E2A71CC27006C3EF2 /* Base */,
			);
			name = LaunchScreen.storyboard;
			sourceTree = "<group>";
		};
/* End PBXVariantGroup section */

/* Begin XCBuildConfiguration section */
		3C280E272A71CC28006C3EF2 /* Debug */ = {
			isa = XCBuildConfiguration;
			buildSettings = {
				ALWAYS_SEARCH_USER_PATHS = NO;
				CLANG_ANALYZER_NONNULL = YES;
				CLANG_ANALYZER_NUMBER_OBJECT_CONVERSION = YES_AGGRESSIVE;
				CLANG_CXX_LANGUAGE_STANDARD = "gnu++20";
				CLANG_ENABLE_MODULES = YES;
				CLANG_ENABLE_OBJC_ARC = YES;
				CLANG_ENABLE_OBJC_WEAK = YES;
				CLANG_WARN_BLOCK_CAPTURE_AUTORELEASING = YES;
				CLANG_WARN_BOOL_CONVERSION = YES;
				CLANG_WARN_COMMA = YES;
				CLANG_WARN_CONSTANT_CONVERSION = YES;
				CLANG_WARN_DEPRECATED_OBJC_IMPLEMENTATIONS = YES;
				CLANG_WARN_DIRECT_OBJC_ISA_USAGE = YES_ERROR;
				CLANG_WARN_DOCUMENTATION_COMMENTS = YES;
				CLANG_WARN_EMPTY_BODY = YES;
				CLANG_WARN_ENUM_CONVERSION = YES;
				CLANG_WARN_INFINITE_RECURSION = YES;
				CLANG_WARN_INT_CONVERSION = YES;
				CLANG_WARN_NON_LITERAL_NULL_CONVERSION = YES;
				CLANG_WARN_OBJC_IMPLICIT_RETAIN_SELF = YES;
				CLANG_WARN_OBJC_LITERAL_CONVERSION = YES;
				CLANG_WARN_OBJC_ROOT_CLASS = YES_ERROR;
				CLANG_WARN_QUOTED_INCLUDE_IN_FRAMEWORK_HEADER = YES;
				CLANG_WARN_RANGE_LOOP_ANALYSIS = YES;
				CLANG_WARN_STRICT_PROTOTYPES = YES;
				CLANG_WARN_SUSPICIOUS_MOVE = YES;
				CLANG_WARN_UNGUARDED_AVAILABILITY = YES_AGGRESSIVE;
				CLANG_WARN_UNREACHABLE_CODE = YES;
				CLANG_WARN__DUPLICATE_METHOD_MATCH = YES;
				COPY_PHASE_STRIP = NO;
				DEBUG_INFORMATION_FORMAT = dwarf;
				ENABLE_STRICT_OBJC_MSGSEND = YES;
				ENABLE_TESTABILITY = YES;
				GCC_C_LANGUAGE_STANDARD = gnu11;
				GCC_DYNAMIC_NO_PIC = NO;
				GCC_NO_COMMON_BLOCKS = YES;
				GCC_OPTIMIZATION_LEVEL = 0;
				GCC_PREPROCESSOR_DEFINITIONS = (
					"DEBUG=1",
					"$(inherited)",
				);
				GCC_WARN_64_TO_32_BIT_CONVERSION = YES;
				GCC_WARN_ABOUT_RETURN_TYPE = YES_ERROR;
				GCC_WARN_UNDECLARED_SELECTOR = YES;
				GCC_WARN_UNINITIALIZED_AUTOS = YES_AGGRESSIVE;
				GCC_WARN_UNUSED_FUNCTION = YES;
				GCC_WARN_UNUSED_VARIABLE = YES;
				IPHONEOS_DEPLOYMENT_TARGET = 16.4;
				MTL_ENABLE_DEBUG_INFO = INCLUDE_SOURCE;
				MTL_FAST_MATH = YES;
				ONLY_ACTIVE_ARCH = YES;
				SDKROOT = iphoneos;
				SWIFT_ACTIVE_COMPILATION_CONDITIONS = DEBUG;
				SWIFT_OPTIMIZATION_LEVEL = "-Onone";
			};
			name = Debug;
		};
		3C280E282A71CC28006C3EF2 /* Release */ = {
			isa = XCBuildConfiguration;
			buildSettings = {
				ALWAYS_SEARCH_USER_PATHS = NO;
				CLANG_ANALYZER_NONNULL = YES;
				CLANG_ANALYZER_NUMBER_OBJECT_CONVERSION = YES_AGGRESSIVE;
				CLANG_CXX_LANGUAGE_STANDARD = "gnu++20";
				CLANG_ENABLE_MODULES = YES;
				CLANG_ENABLE_OBJC_ARC = YES;
				CLANG_ENABLE_OBJC_WEAK = YES;
				CLANG_WARN_BLOCK_CAPTURE_AUTORELEASING = YES;
				CLANG_WARN_BOOL_CONVERSION = YES;
				CLANG_WARN_COMMA = YES;
				CLANG_WARN_CONSTANT_CONVERSION = YES;
				CLANG_WARN_DEPRECATED_OBJC_IMPLEMENTATIONS = YES;
				CLANG_WARN_DIRECT_OBJC_ISA_USAGE = YES_ERROR;
				CLANG_WARN_DOCUMENTATION_COMMENTS = YES;
				CLANG_WARN_EMPTY_BODY = YES;
				CLANG_WARN_ENUM_CONVERSION = YES;
				CLANG_WARN_INFINITE_RECURSION = YES;
				CLANG_WARN_INT_CONVERSION = YES;
				CLANG_WARN_NON_LITERAL_NULL_CONVERSION = YES;
				CLANG_WARN_OBJC_IMPLICIT_RETAIN_SELF = YES;
				CLANG_WARN_OBJC_LITERAL_CONVERSION = YES;
				CLANG_WARN_OBJC_ROOT_CLASS = YES_ERROR;
				CLANG_WARN_QUOTED_INCLUDE_IN_FRAMEWORK_HEADER = YES;
				CLANG_WARN_RANGE_LOOP_ANALYSIS = YES;
				CLANG_WARN_STRICT_PROTOTYPES = YES;
				CLANG_WARN_SUSPICIOUS_MOVE = YES;
				CLANG_WARN_UNGUARDED_AVAILABILITY = YES_AGGRESSIVE;
				CLANG_WARN_UNREACHABLE_CODE = YES;
				CLANG_WARN__DUPLICATE_METHOD_MATCH = YES;
				COPY_PHASE_STRIP = NO;
				DEBUG_INFORMATION_FORMAT = "dwarf-with-dsym";
				ENABLE_NS_ASSERTIONS = NO;
				ENABLE_STRICT_OBJC_MSGSEND = YES;
				GCC_C_LANGUAGE_STANDARD = gnu11;
				GCC_NO_COMMON_BLOCKS = YES;
				GCC_WARN_64_TO_32_BIT_CONVERSION = YES;
				GCC_WARN_ABOUT_RETURN_TYPE = YES_ERROR;
				GCC_WARN_UNDECLARED_SELECTOR = YES;
				GCC_WARN_UNINITIALIZED_AUTOS = YES_AGGRESSIVE;
				GCC_WARN_UNUSED_FUNCTION = YES;
				GCC_WARN_UNUSED_VARIABLE = YES;
				IPHONEOS_DEPLOYMENT_TARGET = 16.4;
				MTL_ENABLE_DEBUG_INFO = NO;
				MTL_FAST_MATH = YES;
				SDKROOT = iphoneos;
				SWIFT_COMPILATION_MODE = wholemodule;
				SWIFT_OPTIMIZATION_LEVEL = "-O";
				VALIDATE_PRODUCT = YES;
			};
			name = Release;
		};
		3C280E2A2A71CC28006C3EF2 /* Debug */ = {
			isa = XCBuildConfiguration;
			buildSettings = {
				ASSETCATALOG_COMPILER_APPICON_NAME = AppIcon;
				ASSETCATALOG_COMPILER_GLOBAL_ACCENT_COLOR_NAME = AccentColor;
				CODE_SIGN_STYLE = Automatic;
				CURRENT_PROJECT_VERSION = 1;
				GENERATE_INFOPLIST_FILE = YES;
				INFOPLIST_FILE = "login page/Info.plist";
				INFOPLIST_KEY_UIApplicationSupportsIndirectInputEvents = YES;
				INFOPLIST_KEY_UILaunchStoryboardName = LaunchScreen;
				INFOPLIST_KEY_UIMainStoryboardFile = Main;
				INFOPLIST_KEY_UISupportedInterfaceOrientations_iPad = "UIInterfaceOrientationPortrait UIInterfaceOrientationPortraitUpsideDown UIInterfaceOrientationLandscapeLeft UIInterfaceOrientationLandscapeRight";
				INFOPLIST_KEY_UISupportedInterfaceOrientations_iPhone = "UIInterfaceOrientationPortrait UIInterfaceOrientationLandscapeLeft UIInterfaceOrientationLandscapeRight";
				LD_RUNPATH_SEARCH_PATHS = (
					"$(inherited)",
					"@executable_path/Frameworks",
				);
				MARKETING_VERSION = 1.0;
				PRODUCT_BUNDLE_IDENTIFIER = "fjf.login-page";
				PRODUCT_NAME = "$(TARGET_NAME)";
				SWIFT_EMIT_LOC_STRINGS = YES;
				SWIFT_VERSION = 5.0;
				TARGETED_DEVICE_FAMILY = "1,2";
			};
			name = Debug;
		};
		3C280E2B2A71CC28006C3EF2 /* Release */ = {
			isa = XCBuildConfiguration;
			buildSettings = {
				ASSETCATALOG_COMPILER_APPICON_NAME = AppIcon;
				ASSETCATALOG_COMPILER_GLOBAL_ACCENT_COLOR_NAME = AccentColor;
				CODE_SIGN_STYLE = Automatic;
				CURRENT_PROJECT_VERSION = 1;
				GENERATE_INFOPLIST_FILE = YES;
				INFOPLIST_FILE = "login page/Info.plist";
				INFOPLIST_KEY_UIApplicationSupportsIndirectInputEvents = YES;
				INFOPLIST_KEY_UILaunchStoryboardName = LaunchScreen;
				INFOPLIST_KEY_UIMainStoryboardFile = Main;
				INFOPLIST_KEY_UISupportedInterfaceOrientations_iPad = "UIInterfaceOrientationPortrait UIInterfaceOrientationPortraitUpsideDown UIInterfaceOrientationLandscapeLeft UIInterfaceOrientationLandscapeRight";
				INFOPLIST_KEY_UISupportedInterfaceOrientations_iPhone = "UIInterfaceOrientationPortrait UIInterfaceOrientationLandscapeLeft UIInterfaceOrientationLandscapeRight";
				LD_RUNPATH_SEARCH_PATHS = (
					"$(inherited)",
					"@executable_path/Frameworks",
				);
				MARKETING_VERSION = 1.0;
				PRODUCT_BUNDLE_IDENTIFIER = "fjf.login-page";
				PRODUCT_NAME = "$(TARGET_NAME)";
				SWIFT_EMIT_LOC_STRINGS = YES;
				SWIFT_VERSION = 5.0;
				TARGETED_DEVICE_FAMILY = "1,2";
			};
			name = Release;
		};
		3C280E2D2A71CC28006C3EF2 /* Debug */ = {
			isa = XCBuildConfiguration;
			buildSettings = {
				ALWAYS_EMBED_SWIFT_STANDARD_LIBRARIES = YES;
				BUNDLE_LOADER = "$(TEST_HOST)";
				CODE_SIGN_STYLE = Automatic;
				CURRENT_PROJECT_VERSION = 1;
				GENERATE_INFOPLIST_FILE = YES;
				IPHONEOS_DEPLOYMENT_TARGET = 16.4;
				MARKETING_VERSION = 1.0;
				PRODUCT_BUNDLE_IDENTIFIER = "fjf.login-pageTests";
				PRODUCT_NAME = "$(TARGET_NAME)";
				SWIFT_EMIT_LOC_STRINGS = NO;
				SWIFT_VERSION = 5.0;
				TARGETED_DEVICE_FAMILY = "1,2";
				TEST_HOST = "$(BUILT_PRODUCTS_DIR)/login page.app/$(BUNDLE_EXECUTABLE_FOLDER_PATH)/login page";
			};
			name = Debug;
		};
		3C280E2E2A71CC28006C3EF2 /* Release */ = {
			isa = XCBuildConfiguration;
			buildSettings = {
				ALWAYS_EMBED_SWIFT_STANDARD_LIBRARIES = YES;
				BUNDLE_LOADER = "$(TEST_HOST)";
				CODE_SIGN_STYLE = Automatic;
				CURRENT_PROJECT_VERSION = 1;
				GENERATE_INFOPLIST_FILE = YES;
				IPHONEOS_DEPLOYMENT_TARGET = 16.4;
				MARKETING_VERSION = 1.0;
				PRODUCT_BUNDLE_IDENTIFIER = "fjf.login-pageTests";
				PRODUCT_NAME = "$(TARGET_NAME)";
				SWIFT_EMIT_LOC_STRINGS = NO;
				SWIFT_VERSION = 5.0;
				TARGETED_DEVICE_FAMILY = "1,2";
				TEST_HOST = "$(BUILT_PRODUCTS_DIR)/login page.app/$(BUNDLE_EXECUTABLE_FOLDER_PATH)/login page";
			};
			name = Release;
		};
		3C280E302A71CC28006C3EF2 /* Debug */ = {
			isa = XCBuildConfiguration;
			buildSettings = {
				ALWAYS_EMBED_SWIFT_STANDARD_LIBRARIES = YES;
				CODE_SIGN_STYLE = Automatic;
				CURRENT_PROJECT_VERSION = 1;
				GENERATE_INFOPLIST_FILE = YES;
				MARKETING_VERSION = 1.0;
				PRODUCT_BUNDLE_IDENTIFIER = "fjf.login-pageUITests";
				PRODUCT_NAME = "$(TARGET_NAME)";
				SWIFT_EMIT_LOC_STRINGS = NO;
				SWIFT_VERSION = 5.0;
				TARGETED_DEVICE_FAMILY = "1,2";
				TEST_TARGET_NAME = "login page";
			};
			name = Debug;
		};
		3C280E312A71CC28006C3EF2 /* Release */ = {
			isa = XCBuildConfiguration;
			buildSettings = {
				ALWAYS_EMBED_SWIFT_STANDARD_LIBRARIES = YES;
				CODE_SIGN_STYLE = Automatic;
				CURRENT_PROJECT_VERSION = 1;
				GENERATE_INFOPLIST_FILE = YES;
				MARKETING_VERSION = 1.0;
				PRODUCT_BUNDLE_IDENTIFIER = "fjf.login-pageUITests";
				PRODUCT_NAME = "$(TARGET_NAME)";
				SWIFT_EMIT_LOC_STRINGS = NO;
				SWIFT_VERSION = 5.0;
				TARGETED_DEVICE_FAMILY = "1,2";
				TEST_TARGET_NAME = "login page";
			};
			name = Release;
		};
/* End XCBuildConfiguration section */

/* Begin XCConfigurationList section */
		3C280DFA2A71CC25006C3EF2 /* Build configuration list for PBXProject "login page" */ = {
			isa = XCConfigurationList;
			buildConfigurations = (
				3C280E272A71CC28006C3EF2 /* Debug */,
				3C280E282A71CC28006C3EF2 /* Release */,
			);
			defaultConfigurationIsVisible = 0;
			defaultConfigurationName = Release;
		};
		3C280E292A71CC28006C3EF2 /* Build configuration list for PBXNativeTarget "login page" */ = {
			isa = XCConfigurationList;
			buildConfigurations = (
				3C280E2A2A71CC28006C3EF2 /* Debug */,
				3C280E2B2A71CC28006C3EF2 /* Release */,
			);
			defaultConfigurationIsVisible = 0;
			defaultConfigurationName = Release;
		};
		3C280E2C2A71CC28006C3EF2 /* Build configuration list for PBXNativeTarget "login pageTests" */ = {
			isa = XCConfigurationList;
			buildConfigurations = (
				3C280E2D2A71CC28006C3EF2 /* Debug */,
				3C280E2E2A71CC28006C3EF2 /* Release */,
			);
			defaultConfigurationIsVisible = 0;
			defaultConfigurationName = Release;
		};
		3C280E2F2A71CC28006C3EF2 /* Build configuration list for PBXNativeTarget "login pageUITests" */ = {
			isa = XCConfigurationList;
			buildConfigurations = (
				3C280E302A71CC28006C3EF2 /* Debug */,
				3C280E312A71CC28006C3EF2 /* Release */,
			);
			defaultConfigurationIsVisible = 0;
			defaultConfigurationName = Release;
		};
/* End XCConfigurationList section */
	};
	rootObject = 3C280DF72A71CC25006C3EF2 /* Project object */;
}
